
Microsoft Visual Studio Solution File, Format Version 12.00
# Visual Studio Version 16
VisualStudioVersion = 16.0.29102.190
MinimumVisualStudioVersion = 10.0.40219.1
Project("{9A19103F-16F7-4668-BE54-9A1E7A4F7556}") = "spike-language-ext", "..\src\spike-language-ext.csproj", "{7947F8F7-69A6-42A6-810D-EFCF31C18FE8}"
EndProject
Project("{9A19103F-16F7-4668-BE54-9A1E7A4F7556}") = "spike-languag-ext-test", "..\test\spike-languag-ext-test.csproj", "{000344F3-8C94-4D2F-BE19-7D84F7EC5F77}"
EndProject
Global
	GlobalSection(SolutionConfigurationPlatforms) = preSolution
		Debug|Any CPU = Debug|Any CPU
		Release|Any CPU = Release|Any CPU
	EndGlobalSection
	GlobalSection(ProjectConfigurationPlatforms) = postSolution
		{7947F8F7-69A6-42A6-810D-EFCF31C18FE8}.Debug|Any CPU.ActiveCfg = Debug|Any CPU
		{7947F8F7-69A6-42A6-810D-EFCF31C18FE8}.Debug|Any CPU.Build.0 = Debug|Any CPU
		{7947F8F7-69A6-42A6-810D-EFCF31C18FE8}.Release|Any CPU.ActiveCfg = Release|Any CPU
		{7947F8F7-69A6-42A6-810D-EFCF31C18FE8}.Release|Any CPU.Build.0 = Release|Any CPU
		{000344F3-8C94-4D2F-BE19-7D84F7EC5F77}.Debug|Any CPU.ActiveCfg = Debug|Any CPU
		{000344F3-8C94-4D2F-BE19-7D84F7EC5F77}.Debug|Any CPU.Build.0 = Debug|Any CPU
		{000344F3-8C94-4D2F-BE19-7D84F7EC5F77}.Release|Any CPU.ActiveCfg = Release|Any CPU
		{000344F3-8C94-4D2F-BE19-7D84F7EC5F77}.Release|Any CPU.Build.0 = Release|Any CPU
	EndGlobalSection
	GlobalSection(SolutionProperties) = preSolution
		HideSolutionNode = FALSE
	EndGlobalSection
	GlobalSection(ExtensibilityGlobals) = postSolution
		SolutionGuid = {5EEC194E-4C41-480D-A2A0-622542D3154B}
	EndGlobalSection
EndGlobal
